
Microsoft Visual Studio Solution File, Format Version 12.00
# Visual Studio Version 17
VisualStudioVersion = 17.14.36518.9
MinimumVisualStudioVersion = 10.0.40219.1
Project("{FAE04EC0-301F-11D3-BF4B-00C04F79EFBC}") = "KursAPI", "KursAPI\KursAPI.csproj", "{168ACD81-9D15-4BC0-AE35-8FE249CB7145}"
EndProject
Project("{FAE04EC0-301F-11D3-BF4B-00C04F79EFBC}") = "KursClient", "KursClient\KursClient.csproj", "{942D998F-9494-4D28-BDCB-40C905AA54F8}"
EndProject
Global
	GlobalSection(SolutionConfigurationPlatforms) = preSolution
		Debug|Any CPU = Debug|Any CPU
		Release|Any CPU = Release|Any CPU
	EndGlobalSection
	GlobalSection(ProjectConfigurationPlatforms) = postSolution
		{168ACD81-9D15-4BC0-AE35-8FE249CB7145}.Debug|Any CPU.ActiveCfg = Debug|Any CPU
		{168ACD81-9D15-4BC0-AE35-8FE249CB7145}.Debug|Any CPU.Build.0 = Debug|Any CPU
		{168ACD81-9D15-4BC0-AE35-8FE249CB7145}.Release|Any CPU.ActiveCfg = Release|Any CPU
		{168ACD81-9D15-4BC0-AE35-8FE249CB7145}.Release|Any CPU.Build.0 = Release|Any CPU
		{942D998F-9494-4D28-BDCB-40C905AA54F8}.Debug|Any CPU.ActiveCfg = Debug|Any CPU
		{942D998F-9494-4D28-BDCB-40C905AA54F8}.Debug|Any CPU.Build.0 = Debug|Any CPU
		{942D998F-9494-4D28-BDCB-40C905AA54F8}.Release|Any CPU.ActiveCfg = Release|Any CPU
		{942D998F-9494-4D28-BDCB-40C905AA54F8}.Release|Any CPU.Build.0 = Release|Any CPU
	EndGlobalSection
	GlobalSection(SolutionProperties) = preSolution
		HideSolutionNode = FALSE
	EndGlobalSection
	GlobalSection(ExtensibilityGlobals) = postSolution
		SolutionGuid = {7CFC8B06-C02B-4D0C-9CBF-0247FC16A070}
	EndGlobalSection
EndGlobal
